// !$*UTF8*$!
{
	archiveVersion = 1;
	classes = {
	};
	objectVersion = 56;
	objects = {

/* Begin PBXBuildFile section */
		1200B0BF29743E95007471F0 /* AppDelegate.swift in Sources */ = {isa = PBXBuildFile; fileRef = 1200B0BE29743E95007471F0 /* AppDelegate.swift */; };
		1200B0C129743E95007471F0 /* SceneDelegate.swift in Sources */ = {isa = PBXBuildFile; fileRef = 1200B0C029743E95007471F0 /* SceneDelegate.swift */; };
		1200B0C629743E95007471F0 /* Main.storyboard in Resources */ = {isa = PBXBuildFile; fileRef = 1200B0C429743E95007471F0 /* Main.storyboard */; };
		1200B0C929743E95007471F0 /* L27_HW_CoreData.xcdatamodeld in Sources */ = {isa = PBXBuildFile; fileRef = 1200B0C729743E95007471F0 /* L27_HW_CoreData.xcdatamodeld */; };
		1200B0CB29743E98007471F0 /* Assets.xcassets in Resources */ = {isa = PBXBuildFile; fileRef = 1200B0CA29743E98007471F0 /* Assets.xcassets */; };
		1200B0CE29743E98007471F0 /* LaunchScreen.storyboard in Resources */ = {isa = PBXBuildFile; fileRef = 1200B0CC29743E98007471F0 /* LaunchScreen.storyboard */; };
		1200B0DA2975BFBB007471F0 /* CategoryViewController.swift in Sources */ = {isa = PBXBuildFile; fileRef = 1200B0D92975BFBB007471F0 /* CategoryViewController.swift */; };
		1200B0DC2975C009007471F0 /* ToDoListViewController.swift in Sources */ = {isa = PBXBuildFile; fileRef = 1200B0DB2975C009007471F0 /* ToDoListViewController.swift */; };
/* End PBXBuildFile section */

/* Begin PBXFileReference section */
		1200B0BB29743E95007471F0 /* L27-HW-CoreData.app */ = {isa = PBXFileReference; explicitFileType = wrapper.application; includeInIndex = 0; path = "L27-HW-CoreData.app"; sourceTree = BUILT_PRODUCTS_DIR; };
		1200B0BE29743E95007471F0 /* AppDelegate.swift */ = {isa = PBXFileReference; lastKnownFileType = sourcecode.swift; path = AppDelegate.swift; sourceTree = "<group>"; };
		1200B0C029743E95007471F0 /* SceneDelegate.swift */ = {isa = PBXFileReference; lastKnownFileType = sourcecode.swift; path = SceneDelegate.swift; sourceTree = "<group>"; };
		1200B0C529743E95007471F0 /* Base */ = {isa = PBXFileReference; lastKnownFileType = file.storyboard; name = Base; path = Base.lproj/Main.storyboard; sourceTree = "<group>"; };
		1200B0C829743E95007471F0 /* L27_HW_CoreData.xcdatamodel */ = {isa = PBXFileReference; lastKnownFileType = wrapper.xcdatamodel; path = L27_HW_CoreData.xcdatamodel; sourceTree = "<group>"; };
		1200B0CA29743E98007471F0 /* Assets.xcassets */ = {isa = PBXFileReference; lastKnownFileType = folder.assetcatalog; path = Assets.xcassets; sourceTree = "<group>"; };
		1200B0CD29743E98007471F0 /* Base */ = {isa = PBXFileReference; lastKnownFileType = file.storyboard; name = Base; path = Base.lproj/LaunchScreen.storyboard; sourceTree = "<group>"; };
		1200B0CF29743E98007471F0 /* Info.plist */ = {isa = PBXFileReference; lastKnownFileType = text.plist.xml; path = Info.plist; sourceTree = "<group>"; };
		1200B0D92975BFBB007471F0 /* CategoryViewController.swift */ = {isa = PBXFileReference; lastKnownFileType = sourcecode.swift; path = CategoryViewController.swift; sourceTree = "<group>"; };
		1200B0DB2975C009007471F0 /* ToDoListViewController.swift */ = {isa = PBXFileReference; lastKnownFileType = sourcecode.swift; path = ToDoListViewController.swift; sourceTree = "<group>"; };
/* End PBXFileReference section */

/* Begin PBXFrameworksBuildPhase section */
		1200B0B829743E95007471F0 /* Frameworks */ = {
			isa = PBXFrameworksBuildPhase;
			buildActionMask = 2147483647;
			files = (
			);
			runOnlyForDeploymentPostprocessing = 0;
		};
/* End PBXFrameworksBuildPhase section */

/* Begin PBXGroup section */
		1200B0B229743E94007471F0 = {
			isa = PBXGroup;
			children = (
				1200B0BD29743E95007471F0 /* L27-HW-CoreData */,
				1200B0BC29743E95007471F0 /* Products */,
			);
			sourceTree = "<group>";
		};
		1200B0BC29743E95007471F0 /* Products */ = {
			isa = PBXGroup;
			children = (
				1200B0BB29743E95007471F0 /* L27-HW-CoreData.app */,
			);
			name = Products;
			sourceTree = "<group>";
		};
		1200B0BD29743E95007471F0 /* L27-HW-CoreData */ = {
			isa = PBXGroup;
			children = (
				1200B0D52975BC3C007471F0 /* Models */,
				1200B0D72975BC7E007471F0 /* Views */,
				1200B0D82975BC97007471F0 /* Controllers */,
				1200B0D62975BC5F007471F0 /* AppDelgates */,
				1200B0CA29743E98007471F0 /* Assets.xcassets */,
				1200B0CF29743E98007471F0 /* Info.plist */,
			);
			path = "L27-HW-CoreData";
			sourceTree = "<group>";
		};
		1200B0D52975BC3C007471F0 /* Models */ = {
			isa = PBXGroup;
			children = (
				1200B0C729743E95007471F0 /* L27_HW_CoreData.xcdatamodeld */,
			);
			path = Models;
			sourceTree = "<group>";
		};
		1200B0D62975BC5F007471F0 /* AppDelgates */ = {
			isa = PBXGroup;
			children = (
				1200B0BE29743E95007471F0 /* AppDelegate.swift */,
				1200B0C029743E95007471F0 /* SceneDelegate.swift */,
			);
			path = AppDelgates;
			sourceTree = "<group>";
		};
		1200B0D72975BC7E007471F0 /* Views */ = {
			isa = PBXGroup;
			children = (
				1200B0CC29743E98007471F0 /* LaunchScreen.storyboard */,
				1200B0C429743E95007471F0 /* Main.storyboard */,
			);
			path = Views;
			sourceTree = "<group>";
		};
		1200B0D82975BC97007471F0 /* Controllers */ = {
			isa = PBXGroup;
			children = (
				1200B0D92975BFBB007471F0 /* CategoryViewController.swift */,
				1200B0DB2975C009007471F0 /* ToDoListViewController.swift */,
			);
			path = Controllers;
			sourceTree = "<group>";
		};
/* End PBXGroup section */

/* Begin PBXNativeTarget section */
		1200B0BA29743E95007471F0 /* L27-HW-CoreData */ = {
			isa = PBXNativeTarget;
			buildConfigurationList = 1200B0D229743E98007471F0 /* Build configuration list for PBXNativeTarget "L27-HW-CoreData" */;
			buildPhases = (
				1200B0B729743E95007471F0 /* Sources */,
				1200B0B829743E95007471F0 /* Frameworks */,
				1200B0B929743E95007471F0 /* Resources */,
			);
			buildRules = (
			);
			dependencies = (
			);
			name = "L27-HW-CoreData";
			productName = "L27-HW-CoreData";
			productReference = 1200B0BB29743E95007471F0 /* L27-HW-CoreData.app */;
			productType = "com.apple.product-type.application";
		};
/* End PBXNativeTarget section */

/* Begin PBXProject section */
		1200B0B329743E94007471F0 /* Project object */ = {
			isa = PBXProject;
			attributes = {
				BuildIndependentTargetsInParallel = 1;
				LastSwiftUpdateCheck = 1420;
				LastUpgradeCheck = 1420;
				TargetAttributes = {
					1200B0BA29743E95007471F0 = {
						CreatedOnToolsVersion = 14.2;
					};
				};
			};
			buildConfigurationList = 1200B0B629743E94007471F0 /* Build configuration list for PBXProject "L27-HW-CoreData" */;
			compatibilityVersion = "Xcode 14.0";
			developmentRegion = en;
			hasScannedForEncodings = 0;
			knownRegions = (
				en,
				Base,
			);
			mainGroup = 1200B0B229743E94007471F0;
			productRefGroup = 1200B0BC29743E95007471F0 /* Products */;
			projectDirPath = "";
			projectRoot = "";
			targets = (
				1200B0BA29743E95007471F0 /* L27-HW-CoreData */,
			);
		};
/* End PBXProject section */

/* Begin PBXResourcesBuildPhase section */
		1200B0B929743E95007471F0 /* Resources */ = {
			isa = PBXResourcesBuildPhase;
			buildActionMask = 2147483647;
			files = (
				1200B0CE29743E98007471F0 /* LaunchScreen.storyboard in Resources */,
				1200B0CB29743E98007471F0 /* Assets.xcassets in Resources */,
				1200B0C629743E95007471F0 /* Main.storyboard in Resources */,
			);
			runOnlyForDeploymentPostprocessing = 0;
		};
/* End PBXResourcesBuildPhase section */

/* Begin PBXSourcesBuildPhase section */
		1200B0B729743E95007471F0 /* Sources */ = {
			isa = PBXSourcesBuildPhase;
			buildActionMask = 2147483647;
			files = (
				1200B0DA2975BFBB007471F0 /* CategoryViewController.swift in Sources */,
				1200B0C929743E95007471F0 /* L27_HW_CoreData.xcdatamodeld in Sources */,
				1200B0BF29743E95007471F0 /* AppDelegate.swift in Sources */,
				1200B0DC2975C009007471F0 /* ToDoListViewController.swift in Sources */,
				1200B0C129743E95007471F0 /* SceneDelegate.swift in Sources */,
			);
			runOnlyForDeploymentPostprocessing = 0;
		};
/* End PBXSourcesBuildPhase section */

/* Begin PBXVariantGroup section */
		1200B0C429743E95007471F0 /* Main.storyboard */ = {
			isa = PBXVariantGroup;
			children = (
				1200B0C529743E95007471F0 /* Base */,
			);
			name = Main.storyboard;
			sourceTree = "<group>";
		};
		1200B0CC29743E98007471F0 /* LaunchScreen.storyboard */ = {
			isa = PBXVariantGroup;
			children = (
				1200B0CD29743E98007471F0 /* Base */,
			);
			name = LaunchScreen.storyboard;
			sourceTree = "<group>";
		};
/* End PBXVariantGroup section */

/* Begin XCBuildConfiguration section */
		1200B0D029743E98007471F0 /* Debug */ = {
			isa = XCBuildConfiguration;
			buildSettings = {
				ALWAYS_SEARCH_USER_PATHS = NO;
				CLANG_ANALYZER_NONNULL = YES;
				CLANG_ANALYZER_NUMBER_OBJECT_CONVERSION = YES_AGGRESSIVE;
				CLANG_CXX_LANGUAGE_STANDARD = "gnu++20";
				CLANG_ENABLE_MODULES = YES;
				CLANG_ENABLE_OBJC_ARC = YES;
				CLANG_ENABLE_OBJC_WEAK = YES;
				CLANG_WARN_BLOCK_CAPTURE_AUTORELEASING = YES;
				CLANG_WARN_BOOL_CONVERSION = YES;
				CLANG_WARN_COMMA = YES;
				CLANG_WARN_CONSTANT_CONVERSION = YES;
				CLANG_WARN_DEPRECATED_OBJC_IMPLEMENTATIONS = YES;
				CLANG_WARN_DIRECT_OBJC_ISA_USAGE = YES_ERROR;
				CLANG_WARN_DOCUMENTATION_COMMENTS = YES;
				CLANG_WARN_EMPTY_BODY = YES;
				CLANG_WARN_ENUM_CONVERSION = YES;
				CLANG_WARN_INFINITE_RECURSION = YES;
				CLANG_WARN_INT_CONVERSION = YES;
				CLANG_WARN_NON_LITERAL_NULL_CONVERSION = YES;
				CLANG_WARN_OBJC_IMPLICIT_RETAIN_SELF = YES;
				CLANG_WARN_OBJC_LITERAL_CONVERSION = YES;
				CLANG_WARN_OBJC_ROOT_CLASS = YES_ERROR;
				CLANG_WARN_QUOTED_INCLUDE_IN_FRAMEWORK_HEADER = YES;
				CLANG_WARN_RANGE_LOOP_ANALYSIS = YES;
				CLANG_WARN_STRICT_PROTOTYPES = YES;
				CLANG_WARN_SUSPICIOUS_MOVE = YES;
				CLANG_WARN_UNGUARDED_AVAILABILITY = YES_AGGRESSIVE;
				CLANG_WARN_UNREACHABLE_CODE = YES;
				CLANG_WARN__DUPLICATE_METHOD_MATCH = YES;
				COPY_PHASE_STRIP = NO;
				DEBUG_INFORMATION_FORMAT = dwarf;
				ENABLE_STRICT_OBJC_MSGSEND = YES;
				ENABLE_TESTABILITY = YES;
				GCC_C_LANGUAGE_STANDARD = gnu11;
				GCC_DYNAMIC_NO_PIC = NO;
				GCC_NO_COMMON_BLOCKS = YES;
				GCC_OPTIMIZATION_LEVEL = 0;
				GCC_PREPROCESSOR_DEFINITIONS = (
					"DEBUG=1",
					"$(inherited)",
				);
				GCC_WARN_64_TO_32_BIT_CONVERSION = YES;
				GCC_WARN_ABOUT_RETURN_TYPE = YES_ERROR;
				GCC_WARN_UNDECLARED_SELECTOR = YES;
				GCC_WARN_UNINITIALIZED_AUTOS = YES_AGGRESSIVE;
				GCC_WARN_UNUSED_FUNCTION = YES;
				GCC_WARN_UNUSED_VARIABLE = YES;
				IPHONEOS_DEPLOYMENT_TARGET = 16.2;
				MTL_ENABLE_DEBUG_INFO = INCLUDE_SOURCE;
				MTL_FAST_MATH = YES;
				ONLY_ACTIVE_ARCH = YES;
				SDKROOT = iphoneos;
				SWIFT_ACTIVE_COMPILATION_CONDITIONS = DEBUG;
				SWIFT_OPTIMIZATION_LEVEL = "-Onone";
			};
			name = Debug;
		};
		1200B0D129743E98007471F0 /* Release */ = {
			isa = XCBuildConfiguration;
			buildSettings = {
				ALWAYS_SEARCH_USER_PATHS = NO;
				CLANG_ANALYZER_NONNULL = YES;
				CLANG_ANALYZER_NUMBER_OBJECT_CONVERSION = YES_AGGRESSIVE;
				CLANG_CXX_LANGUAGE_STANDARD = "gnu++20";
				CLANG_ENABLE_MODULES = YES;
				CLANG_ENABLE_OBJC_ARC = YES;
				CLANG_ENABLE_OBJC_WEAK = YES;
				CLANG_WARN_BLOCK_CAPTURE_AUTORELEASING = YES;
				CLANG_WARN_BOOL_CONVERSION = YES;
				CLANG_WARN_COMMA = YES;
				CLANG_WARN_CONSTANT_CONVERSION = YES;
				CLANG_WARN_DEPRECATED_OBJC_IMPLEMENTATIONS = YES;
				CLANG_WARN_DIRECT_OBJC_ISA_USAGE = YES_ERROR;
				CLANG_WARN_DOCUMENTATION_COMMENTS = YES;
				CLANG_WARN_EMPTY_BODY = YES;
				CLANG_WARN_ENUM_CONVERSION = YES;
				CLANG_WARN_INFINITE_RECURSION = YES;
				CLANG_WARN_INT_CONVERSION = YES;
				CLANG_WARN_NON_LITERAL_NULL_CONVERSION = YES;
				CLANG_WARN_OBJC_IMPLICIT_RETAIN_SELF = YES;
				CLANG_WARN_OBJC_LITERAL_CONVERSION = YES;
				CLANG_WARN_OBJC_ROOT_CLASS = YES_ERROR;
				CLANG_WARN_QUOTED_INCLUDE_IN_FRAMEWORK_HEADER = YES;
				CLANG_WARN_RANGE_LOOP_ANALYSIS = YES;
				CLANG_WARN_STRICT_PROTOTYPES = YES;
				CLANG_WARN_SUSPICIOUS_MOVE = YES;
				CLANG_WARN_UNGUARDED_AVAILABILITY = YES_AGGRESSIVE;
				CLANG_WARN_UNREACHABLE_CODE = YES;
				CLANG_WARN__DUPLICATE_METHOD_MATCH = YES;
				COPY_PHASE_STRIP = NO;
				DEBUG_INFORMATION_FORMAT = "dwarf-with-dsym";
				ENABLE_NS_ASSERTIONS = NO;
				ENABLE_STRICT_OBJC_MSGSEND = YES;
				GCC_C_LANGUAGE_STANDARD = gnu11;
				GCC_NO_COMMON_BLOCKS = YES;
				GCC_WARN_64_TO_32_BIT_CONVERSION = YES;
				GCC_WARN_ABOUT_RETURN_TYPE = YES_ERROR;
				GCC_WARN_UNDECLARED_SELECTOR = YES;
				GCC_WARN_UNINITIALIZED_AUTOS = YES_AGGRESSIVE;
				GCC_WARN_UNUSED_FUNCTION = YES;
				GCC_WARN_UNUSED_VARIABLE = YES;
				IPHONEOS_DEPLOYMENT_TARGET = 16.2;
				MTL_ENABLE_DEBUG_INFO = NO;
				MTL_FAST_MATH = YES;
				SDKROOT = iphoneos;
				SWIFT_COMPILATION_MODE = wholemodule;
				SWIFT_OPTIMIZATION_LEVEL = "-O";
				VALIDATE_PRODUCT = YES;
			};
			name = Release;
		};
		1200B0D329743E98007471F0 /* Debug */ = {
			isa = XCBuildConfiguration;
			buildSettings = {
				ASSETCATALOG_COMPILER_APPICON_NAME = AppIcon;
				ASSETCATALOG_COMPILER_GLOBAL_ACCENT_COLOR_NAME = AccentColor;
				CODE_SIGN_STYLE = Automatic;
				CURRENT_PROJECT_VERSION = 1;
				GENERATE_INFOPLIST_FILE = YES;
				INFOPLIST_FILE = "L27-HW-CoreData/Info.plist";
				INFOPLIST_KEY_UIApplicationSupportsIndirectInputEvents = YES;
				INFOPLIST_KEY_UILaunchStoryboardName = LaunchScreen;
				INFOPLIST_KEY_UIMainStoryboardFile = Main;
				INFOPLIST_KEY_UISupportedInterfaceOrientations_iPad = "UIInterfaceOrientationPortrait UIInterfaceOrientationPortraitUpsideDown UIInterfaceOrientationLandscapeLeft UIInterfaceOrientationLandscapeRight";
				INFOPLIST_KEY_UISupportedInterfaceOrientations_iPhone = "UIInterfaceOrientationPortrait UIInterfaceOrientationLandscapeLeft UIInterfaceOrientationLandscapeRight";
				LD_RUNPATH_SEARCH_PATHS = (
					"$(inherited)",
					"@executable_path/Frameworks",
				);
				MARKETING_VERSION = 1.0;
				PRODUCT_BUNDLE_IDENTIFIER = "com.halai.L27-HW-CoreData";
				PRODUCT_NAME = "$(TARGET_NAME)";
				SWIFT_EMIT_LOC_STRINGS = YES;
				SWIFT_VERSION = 5.0;
				TARGETED_DEVICE_FAMILY = "1,2";
			};
			name = Debug;
		};
		1200B0D429743E98007471F0 /* Release */ = {
			isa = XCBuildConfiguration;
			buildSettings = {
				ASSETCATALOG_COMPILER_APPICON_NAME = AppIcon;
				ASSETCATALOG_COMPILER_GLOBAL_ACCENT_COLOR_NAME = AccentColor;
				CODE_SIGN_STYLE = Automatic;
				CURRENT_PROJECT_VERSION = 1;
				GENERATE_INFOPLIST_FILE = YES;
				INFOPLIST_FILE = "L27-HW-CoreData/Info.plist";
				INFOPLIST_KEY_UIApplicationSupportsIndirectInputEvents = YES;
				INFOPLIST_KEY_UILaunchStoryboardName = LaunchScreen;
				INFOPLIST_KEY_UIMainStoryboardFile = Main;
				INFOPLIST_KEY_UISupportedInterfaceOrientations_iPad = "UIInterfaceOrientationPortrait UIInterfaceOrientationPortraitUpsideDown UIInterfaceOrientationLandscapeLeft UIInterfaceOrientationLandscapeRight";
				INFOPLIST_KEY_UISupportedInterfaceOrientations_iPhone = "UIInterfaceOrientationPortrait UIInterfaceOrientationLandscapeLeft UIInterfaceOrientationLandscapeRight";
				LD_RUNPATH_SEARCH_PATHS = (
					"$(inherited)",
					"@executable_path/Frameworks",
				);
				MARKETING_VERSION = 1.0;
				PRODUCT_BUNDLE_IDENTIFIER = "com.halai.L27-HW-CoreData";
				PRODUCT_NAME = "$(TARGET_NAME)";
				SWIFT_EMIT_LOC_STRINGS = YES;
				SWIFT_VERSION = 5.0;
				TARGETED_DEVICE_FAMILY = "1,2";
			};
			name = Release;
		};
/* End XCBuildConfiguration section */

/* Begin XCConfigurationList section */
		1200B0B629743E94007471F0 /* Build configuration list for PBXProject "L27-HW-CoreData" */ = {
			isa = XCConfigurationList;
			buildConfigurations = (
				1200B0D029743E98007471F0 /* Debug */,
				1200B0D129743E98007471F0 /* Release */,
			);
			defaultConfigurationIsVisible = 0;
			defaultConfigurationName = Release;
		};
		1200B0D229743E98007471F0 /* Build configuration list for PBXNativeTarget "L27-HW-CoreData" */ = {
			isa = XCConfigurationList;
			buildConfigurations = (
				1200B0D329743E98007471F0 /* Debug */,
				1200B0D429743E98007471F0 /* Release */,
			);
			defaultConfigurationIsVisible = 0;
			defaultConfigurationName = Release;
		};
/* End XCConfigurationList section */

/* Begin XCVersionGroup section */
		1200B0C729743E95007471F0 /* L27_HW_CoreData.xcdatamodeld */ = {
			isa = XCVersionGroup;
			children = (
				1200B0C829743E95007471F0 /* L27_HW_CoreData.xcdatamodel */,
			);
			currentVersion = 1200B0C829743E95007471F0 /* L27_HW_CoreData.xcdatamodel */;
			path = L27_HW_CoreData.xcdatamodeld;
			sourceTree = "<group>";
			versionGroupType = wrapper.xcdatamodel;
		};
/* End XCVersionGroup section */
	};
	rootObject = 1200B0B329743E94007471F0 /* Project object */;
}
